
Microsoft Visual Studio Solution File, Format Version 12.00
# Visual Studio Version 17
VisualStudioVersion = 17.14.36705.20 d17.14
MinimumVisualStudioVersion = 10.0.40219.1
Project("{FAE04EC0-301F-11D3-BF4B-00C04F79EFBC}") = "HabitTracker", "HabitTracker.csproj", "{F984B1BF-9758-47DC-ABF4-06A982E1864B}"
EndProject
Global
	GlobalSection(SolutionConfigurationPlatforms) = preSolution
		Debug|Any CPU = Debug|Any CPU
		Release|Any CPU = Release|Any CPU
	EndGlobalSection
	GlobalSection(ProjectConfigurationPlatforms) = postSolution
		{F984B1BF-9758-47DC-ABF4-06A982E1864B}.Debug|Any CPU.ActiveCfg = Debug|Any CPU
		{F984B1BF-9758-47DC-ABF4-06A982E1864B}.Debug|Any CPU.Build.0 = Debug|Any CPU
		{F984B1BF-9758-47DC-ABF4-06A982E1864B}.Release|Any CPU.ActiveCfg = Release|Any CPU
		{F984B1BF-9758-47DC-ABF4-06A982E1864B}.Release|Any CPU.Build.0 = Release|Any CPU
	EndGlobalSection
	GlobalSection(SolutionProperties) = preSolution
		HideSolutionNode = FALSE
	EndGlobalSection
	GlobalSection(ExtensibilityGlobals) = postSolution
		SolutionGuid = {546CB4CC-11BA-4B6D-8D32-EA725036FE10}
	EndGlobalSection
EndGlobal
